
Microsoft Visual Studio Solution File, Format Version 12.00
# Visual Studio Version 17
VisualStudioVersion = 17.14.36109.1
MinimumVisualStudioVersion = 10.0.40219.1
Project("{2150E333-8FDC-42A3-9474-1A3956D46DE8}") = "Src", "Src", "{02EA681E-C7D8-13C7-8484-4AC65E1B71E8}"
EndProject
Project("{2150E333-8FDC-42A3-9474-1A3956D46DE8}") = "Core", "Core", "{C025A418-E381-49A0-B6E7-90E3B9FB0C21}"
EndProject
Project("{2150E333-8FDC-42A3-9474-1A3956D46DE8}") = "Hosts", "Hosts", "{8ABA2CC4-4556-4623-BE04-CB624324C4A9}"
EndProject
Project("{2150E333-8FDC-42A3-9474-1A3956D46DE8}") = "Infrastructure", "Infrastructure", "{AE2EA466-3118-47B8-BD99-CE6312EC7562}"
EndProject
Project("{2150E333-8FDC-42A3-9474-1A3956D46DE8}") = "Services", "Services", "{423C37AD-88FA-40EC-8FEF-6CFF46A9F789}"
EndProject
Project("{2150E333-8FDC-42A3-9474-1A3956D46DE8}") = "Tests", "Tests", "{B5404C4E-DD9D-44E5-A1A1-57D7C6E18B54}"
EndProject
Project("{2150E333-8FDC-42A3-9474-1A3956D46DE8}") = "Repositories", "Repositories", "{CA5C6582-44EB-40A3-A66D-51C2C94CAC41}"
EndProject
Project("{2150E333-8FDC-42A3-9474-1A3956D46DE8}") = "Services", "Services", "{55A2C1D3-BC48-4BEF-B45C-3A58FA79B84C}"
EndProject
Project("{FAE04EC0-301F-11D3-BF4B-00C04F79EFBC}") = "Olp.ProcessingService.WebApi", "Src\Hosts\Olp.ProcessingService.WebApi\Olp.ProcessingService.WebApi.csproj", "{5BA40998-ED73-4B15-84F5-FB3E4C4EB48D}"
EndProject
Project("{2150E333-8FDC-42A3-9474-1A3956D46DE8}") = "Solution Items", "Solution Items", "{15143DB8-4E26-47A1-933D-14DF05F4C34F}"
	ProjectSection(SolutionItems) = preProject
		.editorconfig = .editorconfig
		.gitignore = .gitignore
		LICENSE = LICENSE
		README.md = README.md
	EndProjectSection
EndProject
Project("{FAE04EC0-301F-11D3-BF4B-00C04F79EFBC}") = "Olp.Core.AuthContracts", "Src\Core\Olp.Core.AuthContracts\Olp.Core.AuthContracts.csproj", "{FCE99C3F-329A-2DAF-FCD8-FCF65A946D6B}"
EndProject
Project("{FAE04EC0-301F-11D3-BF4B-00C04F79EFBC}") = "Olp.Core.ProcessingDomain", "Src\Core\Olp.Core.ProcessingDomain\Olp.Core.ProcessingDomain.csproj", "{DAE8F8A9-77D5-4AB3-21F6-DF249D257928}"
EndProject
Project("{FAE04EC0-301F-11D3-BF4B-00C04F79EFBC}") = "Olp.Core.ProcessingContracts", "Src\Core\Olp.Core.ProcessingContracts\Olp.Core.ProcessingContracts.csproj", "{02D87F0F-5642-1530-2DDE-C1B966D2C6D1}"
EndProject
Project("{FAE04EC0-301F-11D3-BF4B-00C04F79EFBC}") = "Olp.Infrastructure.EntityFramework.ProcessingContext", "Src\Infrastructure\Olp.Infrastructure.EntityFramework.ProcessingContext\Olp.Infrastructure.EntityFramework.ProcessingContext.csproj", "{5BDA67F1-52C0-1F5B-2E77-AB6751E97AF5}"
EndProject
Project("{FAE04EC0-301F-11D3-BF4B-00C04F79EFBC}") = "Olp.Infrastructure.EventBus", "Src\Infrastructure\Olp.Infrastructure.EventBus\Olp.Infrastructure.EventBus.csproj", "{76A23352-C6E3-6BE0-9687-DBB66A365094}"
EndProject
Project("{FAE04EC0-301F-11D3-BF4B-00C04F79EFBC}") = "Olp.Infrastructure.EventBus.AuthContracts", "Src\Infrastructure\Olp.Infrastructure.EventBus.AuthContracts\Olp.Infrastructure.EventBus.AuthContracts.csproj", "{8B5A844E-26A9-1404-3C73-27835303040B}"
EndProject
Project("{FAE04EC0-301F-11D3-BF4B-00C04F79EFBC}") = "Olp.Repositories.ProcessingAbstractions", "Src\Repositories\Olp.Repositories.ProcessingAbstractions\Olp.Repositories.ProcessingAbstractions.csproj", "{EB3EE7D0-DB26-33A5-C59E-9BE81E817C5A}"
EndProject
Project("{FAE04EC0-301F-11D3-BF4B-00C04F79EFBC}") = "Olp.Repositories.ProcessingImplementation", "Src\Repositories\Olp.Repositories.ProcessingImplementation\Olp.Repositories.ProcessingImplementation.csproj", "{0102DD94-4B38-6A2D-2F63-55F42EAD1B4B}"
EndProject
Global
	GlobalSection(SolutionConfigurationPlatforms) = preSolution
		Debug|Any CPU = Debug|Any CPU
		Release|Any CPU = Release|Any CPU
	EndGlobalSection
	GlobalSection(ProjectConfigurationPlatforms) = postSolution
		{5BA40998-ED73-4B15-84F5-FB3E4C4EB48D}.Debug|Any CPU.ActiveCfg = Debug|Any CPU
		{5BA40998-ED73-4B15-84F5-FB3E4C4EB48D}.Debug|Any CPU.Build.0 = Debug|Any CPU
		{5BA40998-ED73-4B15-84F5-FB3E4C4EB48D}.Release|Any CPU.ActiveCfg = Release|Any CPU
		{5BA40998-ED73-4B15-84F5-FB3E4C4EB48D}.Release|Any CPU.Build.0 = Release|Any CPU
		{FCE99C3F-329A-2DAF-FCD8-FCF65A946D6B}.Debug|Any CPU.ActiveCfg = Debug|Any CPU
		{FCE99C3F-329A-2DAF-FCD8-FCF65A946D6B}.Debug|Any CPU.Build.0 = Debug|Any CPU
		{FCE99C3F-329A-2DAF-FCD8-FCF65A946D6B}.Release|Any CPU.ActiveCfg = Release|Any CPU
		{FCE99C3F-329A-2DAF-FCD8-FCF65A946D6B}.Release|Any CPU.Build.0 = Release|Any CPU
		{DAE8F8A9-77D5-4AB3-21F6-DF249D257928}.Debug|Any CPU.ActiveCfg = Debug|Any CPU
		{DAE8F8A9-77D5-4AB3-21F6-DF249D257928}.Debug|Any CPU.Build.0 = Debug|Any CPU
		{DAE8F8A9-77D5-4AB3-21F6-DF249D257928}.Release|Any CPU.ActiveCfg = Release|Any CPU
		{DAE8F8A9-77D5-4AB3-21F6-DF249D257928}.Release|Any CPU.Build.0 = Release|Any CPU
		{02D87F0F-5642-1530-2DDE-C1B966D2C6D1}.Debug|Any CPU.ActiveCfg = Debug|Any CPU
		{02D87F0F-5642-1530-2DDE-C1B966D2C6D1}.Debug|Any CPU.Build.0 = Debug|Any CPU
		{02D87F0F-5642-1530-2DDE-C1B966D2C6D1}.Release|Any CPU.ActiveCfg = Release|Any CPU
		{02D87F0F-5642-1530-2DDE-C1B966D2C6D1}.Release|Any CPU.Build.0 = Release|Any CPU
		{5BDA67F1-52C0-1F5B-2E77-AB6751E97AF5}.Debug|Any CPU.ActiveCfg = Debug|Any CPU
		{5BDA67F1-52C0-1F5B-2E77-AB6751E97AF5}.Debug|Any CPU.Build.0 = Debug|Any CPU
		{5BDA67F1-52C0-1F5B-2E77-AB6751E97AF5}.Release|Any CPU.ActiveCfg = Release|Any CPU
		{5BDA67F1-52C0-1F5B-2E77-AB6751E97AF5}.Release|Any CPU.Build.0 = Release|Any CPU
		{76A23352-C6E3-6BE0-9687-DBB66A365094}.Debug|Any CPU.ActiveCfg = Debug|Any CPU
		{76A23352-C6E3-6BE0-9687-DBB66A365094}.Debug|Any CPU.Build.0 = Debug|Any CPU
		{76A23352-C6E3-6BE0-9687-DBB66A365094}.Release|Any CPU.ActiveCfg = Release|Any CPU
		{76A23352-C6E3-6BE0-9687-DBB66A365094}.Release|Any CPU.Build.0 = Release|Any CPU
		{8B5A844E-26A9-1404-3C73-27835303040B}.Debug|Any CPU.ActiveCfg = Debug|Any CPU
		{8B5A844E-26A9-1404-3C73-27835303040B}.Debug|Any CPU.Build.0 = Debug|Any CPU
		{8B5A844E-26A9-1404-3C73-27835303040B}.Release|Any CPU.ActiveCfg = Release|Any CPU
		{8B5A844E-26A9-1404-3C73-27835303040B}.Release|Any CPU.Build.0 = Release|Any CPU
		{EB3EE7D0-DB26-33A5-C59E-9BE81E817C5A}.Debug|Any CPU.ActiveCfg = Debug|Any CPU
		{EB3EE7D0-DB26-33A5-C59E-9BE81E817C5A}.Debug|Any CPU.Build.0 = Debug|Any CPU
		{EB3EE7D0-DB26-33A5-C59E-9BE81E817C5A}.Release|Any CPU.ActiveCfg = Release|Any CPU
		{EB3EE7D0-DB26-33A5-C59E-9BE81E817C5A}.Release|Any CPU.Build.0 = Release|Any CPU
		{0102DD94-4B38-6A2D-2F63-55F42EAD1B4B}.Debug|Any CPU.ActiveCfg = Debug|Any CPU
		{0102DD94-4B38-6A2D-2F63-55F42EAD1B4B}.Debug|Any CPU.Build.0 = Debug|Any CPU
		{0102DD94-4B38-6A2D-2F63-55F42EAD1B4B}.Release|Any CPU.ActiveCfg = Release|Any CPU
		{0102DD94-4B38-6A2D-2F63-55F42EAD1B4B}.Release|Any CPU.Build.0 = Release|Any CPU
	EndGlobalSection
	GlobalSection(SolutionProperties) = preSolution
		HideSolutionNode = FALSE
	EndGlobalSection
	GlobalSection(NestedProjects) = preSolution
		{C025A418-E381-49A0-B6E7-90E3B9FB0C21} = {02EA681E-C7D8-13C7-8484-4AC65E1B71E8}
		{8ABA2CC4-4556-4623-BE04-CB624324C4A9} = {02EA681E-C7D8-13C7-8484-4AC65E1B71E8}
		{AE2EA466-3118-47B8-BD99-CE6312EC7562} = {02EA681E-C7D8-13C7-8484-4AC65E1B71E8}
		{423C37AD-88FA-40EC-8FEF-6CFF46A9F789} = {02EA681E-C7D8-13C7-8484-4AC65E1B71E8}
		{CA5C6582-44EB-40A3-A66D-51C2C94CAC41} = {02EA681E-C7D8-13C7-8484-4AC65E1B71E8}
		{55A2C1D3-BC48-4BEF-B45C-3A58FA79B84C} = {B5404C4E-DD9D-44E5-A1A1-57D7C6E18B54}
		{5BA40998-ED73-4B15-84F5-FB3E4C4EB48D} = {8ABA2CC4-4556-4623-BE04-CB624324C4A9}
		{FCE99C3F-329A-2DAF-FCD8-FCF65A946D6B} = {C025A418-E381-49A0-B6E7-90E3B9FB0C21}
		{DAE8F8A9-77D5-4AB3-21F6-DF249D257928} = {C025A418-E381-49A0-B6E7-90E3B9FB0C21}
		{02D87F0F-5642-1530-2DDE-C1B966D2C6D1} = {C025A418-E381-49A0-B6E7-90E3B9FB0C21}
		{5BDA67F1-52C0-1F5B-2E77-AB6751E97AF5} = {AE2EA466-3118-47B8-BD99-CE6312EC7562}
		{76A23352-C6E3-6BE0-9687-DBB66A365094} = {AE2EA466-3118-47B8-BD99-CE6312EC7562}
		{8B5A844E-26A9-1404-3C73-27835303040B} = {AE2EA466-3118-47B8-BD99-CE6312EC7562}
		{EB3EE7D0-DB26-33A5-C59E-9BE81E817C5A} = {CA5C6582-44EB-40A3-A66D-51C2C94CAC41}
		{0102DD94-4B38-6A2D-2F63-55F42EAD1B4B} = {CA5C6582-44EB-40A3-A66D-51C2C94CAC41}
	EndGlobalSection
	GlobalSection(ExtensibilityGlobals) = postSolution
		SolutionGuid = {99A2ABEB-0F58-426D-8CFF-9F9700AF4C41}
	EndGlobalSection
EndGlobal
